
Microsoft Visual Studio Solution File, Format Version 12.00
# Visual Studio Version 16
VisualStudioVersion = 16.0.29001.49
MinimumVisualStudioVersion = 10.0.40219.1
Project("{FAE04EC0-301F-11D3-BF4B-00C04F79EFBC}") = "ControlesUsuario", "ControlesUsuario\ControlesUsuario.csproj", "{D0CF3079-BFC0-4A8A-8AFB-931A3DD1B7A7}"
EndProject
Global
	GlobalSection(SolutionConfigurationPlatforms) = preSolution
		Debug|Any CPU = Debug|Any CPU
		Release|Any CPU = Release|Any CPU
	EndGlobalSection
	GlobalSection(ProjectConfigurationPlatforms) = postSolution
		{D0CF3079-BFC0-4A8A-8AFB-931A3DD1B7A7}.Debug|Any CPU.ActiveCfg = Debug|Any CPU
		{D0CF3079-BFC0-4A8A-8AFB-931A3DD1B7A7}.Debug|Any CPU.Build.0 = Debug|Any CPU
		{D0CF3079-BFC0-4A8A-8AFB-931A3DD1B7A7}.Release|Any CPU.ActiveCfg = Release|Any CPU
		{D0CF3079-BFC0-4A8A-8AFB-931A3DD1B7A7}.Release|Any CPU.Build.0 = Release|Any CPU
	EndGlobalSection
	GlobalSection(SolutionProperties) = preSolution
		HideSolutionNode = FALSE
	EndGlobalSection
	GlobalSection(ExtensibilityGlobals) = postSolution
		SolutionGuid = {21804A1C-DB29-47F3-BA32-E0A38307CCA2}
	EndGlobalSection
EndGlobal
